// !$*UTF8*$!
{
	archiveVersion = 1;
	classes = {
	};
	objectVersion = 77;
	objects = {

/* Begin PBXBuildFile section */
		557969E22EB74B49002963DA /* OpenGL.framework in Frameworks */ = {isa = PBXBuildFile; fileRef = 557969E12EB74B49002963DA /* OpenGL.framework */; };
		557969EC2EB74CC1002963DA /* libglfw.3.4.dylib in Frameworks */ = {isa = PBXBuildFile; fileRef = 557969EA2EB74CC1002963DA /* libglfw.3.4.dylib */; };
		557969ED2EB74CC1002963DA /* libglfw.3.4.dylib in Embed Libraries */ = {isa = PBXBuildFile; fileRef = 557969EA2EB74CC1002963DA /* libglfw.3.4.dylib */; settings = {ATTRIBUTES = (CodeSignOnCopy, ); }; };
		557969EE2EB74CC1002963DA /* libGLEW.2.2.0.dylib in Frameworks */ = {isa = PBXBuildFile; fileRef = 557969EB2EB74CC1002963DA /* libGLEW.2.2.0.dylib */; };
		557969EF2EB74CC1002963DA /* libGLEW.2.2.0.dylib in Embed Libraries */ = {isa = PBXBuildFile; fileRef = 557969EB2EB74CC1002963DA /* libGLEW.2.2.0.dylib */; settings = {ATTRIBUTES = (CodeSignOnCopy, ); }; };
		557F889B2EC9B02B00DE4978 /* main.cpp in Sources */ = {isa = PBXBuildFile; fileRef = 557F88982EC9B02A00DE4978 /* main.cpp */; };
		557F889C2EC9B10200DE4978 /* vs.vert in CopyFiles */ = {isa = PBXBuildFile; fileRef = 557F88992EC9B02A00DE4978 /* vs.vert */; };
		557F889D2EC9B10200DE4978 /* fs.frag in CopyFiles */ = {isa = PBXBuildFile; fileRef = 557F88972EC9B02A00DE4978 /* fs.frag */; };
/* End PBXBuildFile section */

/* Begin PBXCopyFilesBuildPhase section */
		557969C32EB74B13002963DA /* CopyFiles */ = {
			isa = PBXCopyFilesBuildPhase;
			buildActionMask = 12;
			dstPath = "";
			dstSubfolderSpec = 16;
			files = (
				557F889C2EC9B10200DE4978 /* vs.vert in CopyFiles */,
				557F889D2EC9B10200DE4978 /* fs.frag in CopyFiles */,
			);
			runOnlyForDeploymentPostprocessing = 0;
		};
		557969E02EB74B41002963DA /* Embed Libraries */ = {
			isa = PBXCopyFilesBuildPhase;
			buildActionMask = 2147483647;
			dstPath = "";
			dstSubfolderSpec = 10;
			files = (
				557969ED2EB74CC1002963DA /* libglfw.3.4.dylib in Embed Libraries */,
				557969EF2EB74CC1002963DA /* libGLEW.2.2.0.dylib in Embed Libraries */,
			);
			name = "Embed Libraries";
			runOnlyForDeploymentPostprocessing = 0;
		};
/* End PBXCopyFilesBuildPhase section */

/* Begin PBXFileReference section */
		555CE4592EE5DC0800515492 /* README.md */ = {isa = PBXFileReference; lastKnownFileType = net.daringfireball.markdown; path = README.md; sourceTree = "<group>"; };
		555CE45A2EE5DEEC00515492 /* spacetime_constraints_simple_fast_optimized.gif */ = {isa = PBXFileReference; lastKnownFileType = image.gif; path = spacetime_constraints_simple_fast_optimized.gif; sourceTree = "<group>"; };
		557969C52EB74B13002963DA /* SpacetimeConstraints */ = {isa = PBXFileReference; explicitFileType = "compiled.mach-o.executable"; includeInIndex = 0; path = SpacetimeConstraints; sourceTree = BUILT_PRODUCTS_DIR; };
		557969E12EB74B49002963DA /* OpenGL.framework */ = {isa = PBXFileReference; lastKnownFileType = wrapper.framework; name = OpenGL.framework; path = System/Library/Frameworks/OpenGL.framework; sourceTree = SDKROOT; };
		557969EA2EB74CC1002963DA /* libglfw.3.4.dylib */ = {isa = PBXFileReference; lastKnownFileType = "compiled.mach-o.dylib"; name = libglfw.3.4.dylib; path = ../../../YGL/lib/libglfw.3.4.dylib; sourceTree = "<group>"; };
		557969EB2EB74CC1002963DA /* libGLEW.2.2.0.dylib */ = {isa = PBXFileReference; lastKnownFileType = "compiled.mach-o.dylib"; name = libGLEW.2.2.0.dylib; path = ../../../YGL/lib/libGLEW.2.2.0.dylib; sourceTree = "<group>"; };
		557F88972EC9B02A00DE4978 /* fs.frag */ = {isa = PBXFileReference; lastKnownFileType = sourcecode.glsl; path = fs.frag; sourceTree = "<group>"; };
		557F88982EC9B02A00DE4978 /* main.cpp */ = {isa = PBXFileReference; lastKnownFileType = sourcecode.cpp.cpp; path = main.cpp; sourceTree = "<group>"; };
		557F88992EC9B02A00DE4978 /* vs.vert */ = {isa = PBXFileReference; lastKnownFileType = sourcecode.glsl; path = vs.vert; sourceTree = "<group>"; };
/* End PBXFileReference section */

/* Begin PBXFrameworksBuildPhase section */
		557969C22EB74B13002963DA /* Frameworks */ = {
			isa = PBXFrameworksBuildPhase;
			buildActionMask = 2147483647;
			files = (
				557969E22EB74B49002963DA /* OpenGL.framework in Frameworks */,
				557969EE2EB74CC1002963DA /* libGLEW.2.2.0.dylib in Frameworks */,
				557969EC2EB74CC1002963DA /* libglfw.3.4.dylib in Frameworks */,
			);
			runOnlyForDeploymentPostprocessing = 0;
		};
/* End PBXFrameworksBuildPhase section */

/* Begin PBXGroup section */
		557969BC2EB74B13002963DA = {
			isa = PBXGroup;
			children = (
				555CE45A2EE5DEEC00515492 /* spacetime_constraints_simple_fast_optimized.gif */,
				555CE4592EE5DC0800515492 /* README.md */,
				557F889A2EC9B02A00DE4978 /* SpacetimeConstraints */,
				557969D92EB74B41002963DA /* Frameworks */,
				557969C62EB74B13002963DA /* Products */,
			);
			sourceTree = "<group>";
		};
		557969C62EB74B13002963DA /* Products */ = {
			isa = PBXGroup;
			children = (
				557969C52EB74B13002963DA /* SpacetimeConstraints */,
			);
			name = Products;
			sourceTree = "<group>";
		};
		557969D92EB74B41002963DA /* Frameworks */ = {
			isa = PBXGroup;
			children = (
				557969EB2EB74CC1002963DA /* libGLEW.2.2.0.dylib */,
				557969EA2EB74CC1002963DA /* libglfw.3.4.dylib */,
				557969E12EB74B49002963DA /* OpenGL.framework */,
			);
			name = Frameworks;
			sourceTree = "<group>";
		};
		557F889A2EC9B02A00DE4978 /* SpacetimeConstraints */ = {
			isa = PBXGroup;
			children = (
				557F88992EC9B02A00DE4978 /* vs.vert */,
				557F88972EC9B02A00DE4978 /* fs.frag */,
				557F88982EC9B02A00DE4978 /* main.cpp */,
			);
			path = SpacetimeConstraints;
			sourceTree = "<group>";
		};
/* End PBXGroup section */

/* Begin PBXNativeTarget section */
		557969C42EB74B13002963DA /* SpacetimeConstraints */ = {
			isa = PBXNativeTarget;
			buildConfigurationList = 557969CC2EB74B13002963DA /* Build configuration list for PBXNativeTarget "SpacetimeConstraints" */;
			buildPhases = (
				557969C12EB74B13002963DA /* Sources */,
				557969C22EB74B13002963DA /* Frameworks */,
				557969C32EB74B13002963DA /* CopyFiles */,
				557969E02EB74B41002963DA /* Embed Libraries */,
			);
			buildRules = (
			);
			dependencies = (
			);
			name = SpacetimeConstraints;
			packageProductDependencies = (
			);
			productName = SpacetimeConstraints;
			productReference = 557969C52EB74B13002963DA /* SpacetimeConstraints */;
			productType = "com.apple.product-type.tool";
		};
/* End PBXNativeTarget section */

/* Begin PBXProject section */
		557969BD2EB74B13002963DA /* Project object */ = {
			isa = PBXProject;
			attributes = {
				BuildIndependentTargetsInParallel = 1;
				LastUpgradeCheck = 2600;
				TargetAttributes = {
					557969C42EB74B13002963DA = {
						CreatedOnToolsVersion = 26.0.1;
					};
				};
			};
			buildConfigurationList = 557969C02EB74B13002963DA /* Build configuration list for PBXProject "SpacetimeConstraints" */;
			developmentRegion = en;
			hasScannedForEncodings = 0;
			knownRegions = (
				en,
				Base,
			);
			mainGroup = 557969BC2EB74B13002963DA;
			minimizedProjectReferenceProxies = 1;
			preferredProjectObjectVersion = 77;
			productRefGroup = 557969C62EB74B13002963DA /* Products */;
			projectDirPath = "";
			projectRoot = "";
			targets = (
				557969C42EB74B13002963DA /* SpacetimeConstraints */,
			);
		};
/* End PBXProject section */

/* Begin PBXSourcesBuildPhase section */
		557969C12EB74B13002963DA /* Sources */ = {
			isa = PBXSourcesBuildPhase;
			buildActionMask = 2147483647;
			files = (
				557F889B2EC9B02B00DE4978 /* main.cpp in Sources */,
			);
			runOnlyForDeploymentPostprocessing = 0;
		};
/* End PBXSourcesBuildPhase section */

/* Begin XCBuildConfiguration section */
		557969CA2EB74B13002963DA /* Debug */ = {
			isa = XCBuildConfiguration;
			buildSettings = {
				ALWAYS_SEARCH_USER_PATHS = NO;
				ASSETCATALOG_COMPILER_GENERATE_SWIFT_ASSET_SYMBOL_EXTENSIONS = YES;
				CLANG_ANALYZER_NONNULL = YES;
				CLANG_ANALYZER_NUMBER_OBJECT_CONVERSION = YES_AGGRESSIVE;
				CLANG_CXX_LANGUAGE_STANDARD = "gnu++20";
				CLANG_ENABLE_MODULES = YES;
				CLANG_ENABLE_OBJC_ARC = YES;
				CLANG_ENABLE_OBJC_WEAK = YES;
				CLANG_WARN_BLOCK_CAPTURE_AUTORELEASING = YES;
				CLANG_WARN_BOOL_CONVERSION = YES;
				CLANG_WARN_COMMA = YES;
				CLANG_WARN_CONSTANT_CONVERSION = YES;
				CLANG_WARN_DEPRECATED_OBJC_IMPLEMENTATIONS = YES;
				CLANG_WARN_DIRECT_OBJC_ISA_USAGE = YES_ERROR;
				CLANG_WARN_DOCUMENTATION_COMMENTS = YES;
				CLANG_WARN_EMPTY_BODY = YES;
				CLANG_WARN_ENUM_CONVERSION = YES;
				CLANG_WARN_INFINITE_RECURSION = YES;
				CLANG_WARN_INT_CONVERSION = YES;
				CLANG_WARN_NON_LITERAL_NULL_CONVERSION = YES;
				CLANG_WARN_OBJC_IMPLICIT_RETAIN_SELF = YES;
				CLANG_WARN_OBJC_LITERAL_CONVERSION = YES;
				CLANG_WARN_OBJC_ROOT_CLASS = YES_ERROR;
				CLANG_WARN_QUOTED_INCLUDE_IN_FRAMEWORK_HEADER = YES;
				CLANG_WARN_RANGE_LOOP_ANALYSIS = YES;
				CLANG_WARN_STRICT_PROTOTYPES = YES;
				CLANG_WARN_SUSPICIOUS_MOVE = YES;
				CLANG_WARN_UNGUARDED_AVAILABILITY = YES_AGGRESSIVE;
				CLANG_WARN_UNREACHABLE_CODE = YES;
				CLANG_WARN__DUPLICATE_METHOD_MATCH = YES;
				COPY_PHASE_STRIP = NO;
				DEBUG_INFORMATION_FORMAT = dwarf;
				DEVELOPMENT_TEAM = 488U7L9D53;
				ENABLE_STRICT_OBJC_MSGSEND = YES;
				ENABLE_TESTABILITY = YES;
				ENABLE_USER_SCRIPT_SANDBOXING = YES;
				GCC_C_LANGUAGE_STANDARD = gnu17;
				GCC_DYNAMIC_NO_PIC = NO;
				GCC_NO_COMMON_BLOCKS = YES;
				GCC_OPTIMIZATION_LEVEL = 0;
				GCC_PREPROCESSOR_DEFINITIONS = (
					"DEBUG=1",
					"$(inherited)",
				);
				GCC_WARN_64_TO_32_BIT_CONVERSION = YES;
				GCC_WARN_ABOUT_RETURN_TYPE = YES_ERROR;
				GCC_WARN_UNDECLARED_SELECTOR = YES;
				GCC_WARN_UNINITIALIZED_AUTOS = YES_AGGRESSIVE;
				GCC_WARN_UNUSED_FUNCTION = YES;
				GCC_WARN_UNUSED_VARIABLE = YES;
				LOCALIZATION_PREFERS_STRING_CATALOGS = YES;
				MACOSX_DEPLOYMENT_TARGET = 26.0;
				MTL_ENABLE_DEBUG_INFO = INCLUDE_SOURCE;
				MTL_FAST_MATH = YES;
				ONLY_ACTIVE_ARCH = YES;
				SDKROOT = macosx;
			};
			name = Debug;
		};
		557969CB2EB74B13002963DA /* Release */ = {
			isa = XCBuildConfiguration;
			buildSettings = {
				ALWAYS_SEARCH_USER_PATHS = NO;
				ASSETCATALOG_COMPILER_GENERATE_SWIFT_ASSET_SYMBOL_EXTENSIONS = YES;
				CLANG_ANALYZER_NONNULL = YES;
				CLANG_ANALYZER_NUMBER_OBJECT_CONVERSION = YES_AGGRESSIVE;
				CLANG_CXX_LANGUAGE_STANDARD = "gnu++20";
				CLANG_ENABLE_MODULES = YES;
				CLANG_ENABLE_OBJC_ARC = YES;
				CLANG_ENABLE_OBJC_WEAK = YES;
				CLANG_WARN_BLOCK_CAPTURE_AUTORELEASING = YES;
				CLANG_WARN_BOOL_CONVERSION = YES;
				CLANG_WARN_COMMA = YES;
				CLANG_WARN_CONSTANT_CONVERSION = YES;
				CLANG_WARN_DEPRECATED_OBJC_IMPLEMENTATIONS = YES;
				CLANG_WARN_DIRECT_OBJC_ISA_USAGE = YES_ERROR;
				CLANG_WARN_DOCUMENTATION_COMMENTS = YES;
				CLANG_WARN_EMPTY_BODY = YES;
				CLANG_WARN_ENUM_CONVERSION = YES;
				CLANG_WARN_INFINITE_RECURSION = YES;
				CLANG_WARN_INT_CONVERSION = YES;
				CLANG_WARN_NON_LITERAL_NULL_CONVERSION = YES;
				CLANG_WARN_OBJC_IMPLICIT_RETAIN_SELF = YES;
				CLANG_WARN_OBJC_LITERAL_CONVERSION = YES;
				CLANG_WARN_OBJC_ROOT_CLASS = YES_ERROR;
				CLANG_WARN_QUOTED_INCLUDE_IN_FRAMEWORK_HEADER = YES;
				CLANG_WARN_RANGE_LOOP_ANALYSIS = YES;
				CLANG_WARN_STRICT_PROTOTYPES = YES;
				CLANG_WARN_SUSPICIOUS_MOVE = YES;
				CLANG_WARN_UNGUARDED_AVAILABILITY = YES_AGGRESSIVE;
				CLANG_WARN_UNREACHABLE_CODE = YES;
				CLANG_WARN__DUPLICATE_METHOD_MATCH = YES;
				COPY_PHASE_STRIP = NO;
				DEBUG_INFORMATION_FORMAT = "dwarf-with-dsym";
				DEVELOPMENT_TEAM = 488U7L9D53;
				ENABLE_NS_ASSERTIONS = NO;
				ENABLE_STRICT_OBJC_MSGSEND = YES;
				ENABLE_USER_SCRIPT_SANDBOXING = YES;
				GCC_C_LANGUAGE_STANDARD = gnu17;
				GCC_NO_COMMON_BLOCKS = YES;
				GCC_WARN_64_TO_32_BIT_CONVERSION = YES;
				GCC_WARN_ABOUT_RETURN_TYPE = YES_ERROR;
				GCC_WARN_UNDECLARED_SELECTOR = YES;
				GCC_WARN_UNINITIALIZED_AUTOS = YES_AGGRESSIVE;
				GCC_WARN_UNUSED_FUNCTION = YES;
				GCC_WARN_UNUSED_VARIABLE = YES;
				LOCALIZATION_PREFERS_STRING_CATALOGS = YES;
				MACOSX_DEPLOYMENT_TARGET = 26.0;
				MTL_ENABLE_DEBUG_INFO = NO;
				MTL_FAST_MATH = YES;
				SDKROOT = macosx;
			};
			name = Release;
		};
		557969CD2EB74B13002963DA /* Debug */ = {
			isa = XCBuildConfiguration;
			buildSettings = {
				CODE_SIGN_STYLE = Automatic;
				DEVELOPMENT_TEAM = 488U7L9D53;
				ENABLE_HARDENED_RUNTIME = YES;
				HEADER_SEARCH_PATHS = (
					/Users/gyu/Desktop/YGL/include,
					/usr/local/include/eigen3,
				);
				LIBRARY_SEARCH_PATHS = /Users/gyu/Desktop/YGL/lib;
				PRODUCT_NAME = "$(TARGET_NAME)";
			};
			name = Debug;
		};
		557969CE2EB74B13002963DA /* Release */ = {
			isa = XCBuildConfiguration;
			buildSettings = {
				CODE_SIGN_STYLE = Automatic;
				DEVELOPMENT_TEAM = 488U7L9D53;
				ENABLE_HARDENED_RUNTIME = YES;
				HEADER_SEARCH_PATHS = (
					/Users/gyu/Desktop/YGL/include,
					/usr/local/include/eigen3,
				);
				LIBRARY_SEARCH_PATHS = /Users/gyu/Desktop/YGL/lib;
				PRODUCT_NAME = "$(TARGET_NAME)";
			};
			name = Release;
		};
/* End XCBuildConfiguration section */

/* Begin XCConfigurationList section */
		557969C02EB74B13002963DA /* Build configuration list for PBXProject "SpacetimeConstraints" */ = {
			isa = XCConfigurationList;
			buildConfigurations = (
				557969CA2EB74B13002963DA /* Debug */,
				557969CB2EB74B13002963DA /* Release */,
			);
			defaultConfigurationIsVisible = 0;
			defaultConfigurationName = Release;
		};
		557969CC2EB74B13002963DA /* Build configuration list for PBXNativeTarget "SpacetimeConstraints" */ = {
			isa = XCConfigurationList;
			buildConfigurations = (
				557969CD2EB74B13002963DA /* Debug */,
				557969CE2EB74B13002963DA /* Release */,
			);
			defaultConfigurationIsVisible = 0;
			defaultConfigurationName = Release;
		};
/* End XCConfigurationList section */
	};
	rootObject = 557969BD2EB74B13002963DA /* Project object */;
}
